Microsoft Visual Studio Solution File, Format Version 12.00
# Visual Studio Version 17
VisualStudioVersion = 17.5.2.0
MinimumVisualStudioVersion = 10.0.40219.1
Project("{FAE04EC0-301F-11D3-BF4B-00C04F79EFBC}") = "MyResearcherApp", "MyResearcherApp.csproj", "{DBADBDBF-2C3E-18AA-BB35-065F423A15FA}"
EndProject
Global
	GlobalSection(SolutionConfigurationPlatforms) = preSolution
		Debug|Any CPU = Debug|Any CPU
		Release|Any CPU = Release|Any CPU
	EndGlobalSection
	GlobalSection(ProjectConfigurationPlatforms) = postSolution
		{DBADBDBF-2C3E-18AA-BB35-065F423A15FA}.Debug|Any CPU.ActiveCfg = Debug|Any CPU
		{DBADBDBF-2C3E-18AA-BB35-065F423A15FA}.Debug|Any CPU.Build.0 = Debug|Any CPU
		{DBADBDBF-2C3E-18AA-BB35-065F423A15FA}.Release|Any CPU.ActiveCfg = Release|Any CPU
		{DBADBDBF-2C3E-18AA-BB35-065F423A15FA}.Release|Any CPU.Build.0 = Release|Any CPU
	EndGlobalSection
	GlobalSection(SolutionProperties) = preSolution
		HideSolutionNode = FALSE
	EndGlobalSection
	GlobalSection(ExtensibilityGlobals) = postSolution
		SolutionGuid = {7FA91192-6ED4-4EBE-8413-AE81E27748BE}
	EndGlobalSection
EndGlobal
